
Microsoft Visual Studio Solution File, Format Version 12.00
# Visual Studio Version 17
VisualStudioVersion = 17.0.32126.317
MinimumVisualStudioVersion = 10.0.40219.1
Project("{9A19103F-16F7-4668-BE54-9A1E7A4F7556}") = "OrdersApi", "OrdersApi\OrdersApi.csproj", "{4F9CA6E0-880C-443F-B9EF-864ED69B2A60}"
EndProject
Project("{9A19103F-16F7-4668-BE54-9A1E7A4F7556}") = "SharedLib", "SharedLib\SharedLib.csproj", "{55BFD942-6AC3-4CE7-B531-CBB9A704A820}"
EndProject
Project("{9A19103F-16F7-4668-BE54-9A1E7A4F7556}") = "InventoryApi", "InventoryApi\InventoryApi.csproj", "{78CF5735-AA49-4F10-B396-57D393C75D91}"
EndProject
Project("{2150E333-8FDC-42A3-9474-1A3956D46DE8}") = "Solution Items", "Solution Items", "{203BA6C2-592A-4575-979E-72D005D28116}"
	ProjectSection(SolutionItems) = preProject
		DaprWithAKS.postman_collection.json = DaprWithAKS.postman_collection.json
		launch-azure.ps1 = launch-azure.ps1
		launch.ps1 = launch.ps1
		Readme.md = Readme.md
	EndProjectSection
EndProject
Project("{FAE04EC0-301F-11D3-BF4B-00C04F79EFBC}") = "Supplier", "Supplier\Supplier.csproj", "{08D57B83-62F2-40B7-8ABA-15999D3121A1}"
EndProject
Global
	GlobalSection(SolutionConfigurationPlatforms) = preSolution
		Debug|Any CPU = Debug|Any CPU
		Release|Any CPU = Release|Any CPU
	EndGlobalSection
	GlobalSection(ProjectConfigurationPlatforms) = postSolution
		{4F9CA6E0-880C-443F-B9EF-864ED69B2A60}.Debug|Any CPU.ActiveCfg = Debug|Any CPU
		{4F9CA6E0-880C-443F-B9EF-864ED69B2A60}.Debug|Any CPU.Build.0 = Debug|Any CPU
		{4F9CA6E0-880C-443F-B9EF-864ED69B2A60}.Release|Any CPU.ActiveCfg = Release|Any CPU
		{4F9CA6E0-880C-443F-B9EF-864ED69B2A60}.Release|Any CPU.Build.0 = Release|Any CPU
		{55BFD942-6AC3-4CE7-B531-CBB9A704A820}.Debug|Any CPU.ActiveCfg = Debug|Any CPU
		{55BFD942-6AC3-4CE7-B531-CBB9A704A820}.Debug|Any CPU.Build.0 = Debug|Any CPU
		{55BFD942-6AC3-4CE7-B531-CBB9A704A820}.Release|Any CPU.ActiveCfg = Release|Any CPU
		{55BFD942-6AC3-4CE7-B531-CBB9A704A820}.Release|Any CPU.Build.0 = Release|Any CPU
		{78CF5735-AA49-4F10-B396-57D393C75D91}.Debug|Any CPU.ActiveCfg = Debug|Any CPU
		{78CF5735-AA49-4F10-B396-57D393C75D91}.Debug|Any CPU.Build.0 = Debug|Any CPU
		{78CF5735-AA49-4F10-B396-57D393C75D91}.Release|Any CPU.ActiveCfg = Release|Any CPU
		{78CF5735-AA49-4F10-B396-57D393C75D91}.Release|Any CPU.Build.0 = Release|Any CPU
		{08D57B83-62F2-40B7-8ABA-15999D3121A1}.Debug|Any CPU.ActiveCfg = Debug|Any CPU
		{08D57B83-62F2-40B7-8ABA-15999D3121A1}.Debug|Any CPU.Build.0 = Debug|Any CPU
		{08D57B83-62F2-40B7-8ABA-15999D3121A1}.Release|Any CPU.ActiveCfg = Release|Any CPU
		{08D57B83-62F2-40B7-8ABA-15999D3121A1}.Release|Any CPU.Build.0 = Release|Any CPU
	EndGlobalSection
	GlobalSection(SolutionProperties) = preSolution
		HideSolutionNode = FALSE
	EndGlobalSection
	GlobalSection(ExtensibilityGlobals) = postSolution
		SolutionGuid = {61B5A9DB-06AE-4851-91C1-A8074458160C}
	EndGlobalSection
EndGlobal
